// !$*UTF8*$!
{
	archiveVersion = 1;
	classes = {
	};
	objectVersion = 55;
	objects = {

/* Begin PBXBuildFile section */
		AC37CC43288C464900AE4A0D /* refo_watchApp.swift in Sources */ = {isa = PBXBuildFile; fileRef = AC37CC42288C464900AE4A0D /* refo_watchApp.swift */; };
		AC37CC45288C464900AE4A0D /* ContentView.swift in Sources */ = {isa = PBXBuildFile; fileRef = AC37CC44288C464900AE4A0D /* ContentView.swift */; };
		AC37CC47288C464A00AE4A0D /* Assets.xcassets in Resources */ = {isa = PBXBuildFile; fileRef = AC37CC46288C464A00AE4A0D /* Assets.xcassets */; };
		AC37CC4A288C464A00AE4A0D /* Preview Assets.xcassets in Resources */ = {isa = PBXBuildFile; fileRef = AC37CC49288C464A00AE4A0D /* Preview Assets.xcassets */; };
		AC37CC4E288C464A00AE4A0D /* refo_watch WatchKit App.app in Embed Watch Content */ = {isa = PBXBuildFile; fileRef = AC37CC4D288C464A00AE4A0D /* refo_watch WatchKit App.app */; settings = {ATTRIBUTES = (RemoveHeadersOnCopy, ); }; };
		AC37CC53288C464B00AE4A0D /* Assets.xcassets in Resources */ = {isa = PBXBuildFile; fileRef = AC37CC52288C464B00AE4A0D /* Assets.xcassets */; };
		AC37CC59288C464B00AE4A0D /* refo_watch WatchKit Extension.appex in Embed App Extensions */ = {isa = PBXBuildFile; fileRef = AC37CC58288C464B00AE4A0D /* refo_watch WatchKit Extension.appex */; settings = {ATTRIBUTES = (RemoveHeadersOnCopy, ); }; };
		AC37CC5E288C464B00AE4A0D /* refo_watchApp.swift in Sources */ = {isa = PBXBuildFile; fileRef = AC37CC5D288C464B00AE4A0D /* refo_watchApp.swift */; };
		AC37CC60288C464B00AE4A0D /* ContentView.swift in Sources */ = {isa = PBXBuildFile; fileRef = AC37CC5F288C464B00AE4A0D /* ContentView.swift */; };
		AC37CC62288C464B00AE4A0D /* NotificationController.swift in Sources */ = {isa = PBXBuildFile; fileRef = AC37CC61288C464B00AE4A0D /* NotificationController.swift */; };
		AC37CC64288C464B00AE4A0D /* NotificationView.swift in Sources */ = {isa = PBXBuildFile; fileRef = AC37CC63288C464B00AE4A0D /* NotificationView.swift */; };
		AC37CC66288C464B00AE4A0D /* ComplicationController.swift in Sources */ = {isa = PBXBuildFile; fileRef = AC37CC65288C464B00AE4A0D /* ComplicationController.swift */; };
		AC37CC68288C464B00AE4A0D /* Assets.xcassets in Resources */ = {isa = PBXBuildFile; fileRef = AC37CC67288C464B00AE4A0D /* Assets.xcassets */; };
		AC37CC6B288C464B00AE4A0D /* Preview Assets.xcassets in Resources */ = {isa = PBXBuildFile; fileRef = AC37CC6A288C464B00AE4A0D /* Preview Assets.xcassets */; };
/* End PBXBuildFile section */

/* Begin PBXContainerItemProxy section */
		AC37CC4F288C464A00AE4A0D /* PBXContainerItemProxy */ = {
			isa = PBXContainerItemProxy;
			containerPortal = AC37CC37288C464900AE4A0D /* Project object */;
			proxyType = 1;
			remoteGlobalIDString = AC37CC4C288C464A00AE4A0D;
			remoteInfo = "refo_watch WatchKit App";
		};
		AC37CC5A288C464B00AE4A0D /* PBXContainerItemProxy */ = {
			isa = PBXContainerItemProxy;
			containerPortal = AC37CC37288C464900AE4A0D /* Project object */;
			proxyType = 1;
			remoteGlobalIDString = AC37CC57288C464B00AE4A0D;
			remoteInfo = "refo_watch WatchKit Extension";
		};
/* End PBXContainerItemProxy section */

/* Begin PBXCopyFilesBuildPhase section */
		AC37CC73288C464B00AE4A0D /* Embed App Extensions */ = {
			isa = PBXCopyFilesBuildPhase;
			buildActionMask = 2147483647;
			dstPath = "";
			dstSubfolderSpec = 13;
			files = (
				AC37CC59288C464B00AE4A0D /* refo_watch WatchKit Extension.appex in Embed App Extensions */,
			);
			name = "Embed App Extensions";
			runOnlyForDeploymentPostprocessing = 0;
		};
		AC37CC77288C464B00AE4A0D /* Embed Watch Content */ = {
			isa = PBXCopyFilesBuildPhase;
			buildActionMask = 2147483647;
			dstPath = "$(CONTENTS_FOLDER_PATH)/Watch";
			dstSubfolderSpec = 16;
			files = (
				AC37CC4E288C464A00AE4A0D /* refo_watch WatchKit App.app in Embed Watch Content */,
			);
			name = "Embed Watch Content";
			runOnlyForDeploymentPostprocessing = 0;
		};
/* End PBXCopyFilesBuildPhase section */

/* Begin PBXFileReference section */
		AC37CC3F288C464900AE4A0D /* refo_watch.app */ = {isa = PBXFileReference; explicitFileType = wrapper.application; includeInIndex = 0; path = refo_watch.app; sourceTree = BUILT_PRODUCTS_DIR; };
		AC37CC42288C464900AE4A0D /* refo_watchApp.swift */ = {isa = PBXFileReference; lastKnownFileType = sourcecode.swift; path = refo_watchApp.swift; sourceTree = "<group>"; };
		AC37CC44288C464900AE4A0D /* ContentView.swift */ = {isa = PBXFileReference; lastKnownFileType = sourcecode.swift; path = ContentView.swift; sourceTree = "<group>"; };
		AC37CC46288C464A00AE4A0D /* Assets.xcassets */ = {isa = PBXFileReference; lastKnownFileType = folder.assetcatalog; path = Assets.xcassets; sourceTree = "<group>"; };
		AC37CC49288C464A00AE4A0D /* Preview Assets.xcassets */ = {isa = PBXFileReference; lastKnownFileType = folder.assetcatalog; path = "Preview Assets.xcassets"; sourceTree = "<group>"; };
		AC37CC4D288C464A00AE4A0D /* refo_watch WatchKit App.app */ = {isa = PBXFileReference; explicitFileType = wrapper.application; includeInIndex = 0; path = "refo_watch WatchKit App.app"; sourceTree = BUILT_PRODUCTS_DIR; };
		AC37CC52288C464B00AE4A0D /* Assets.xcassets */ = {isa = PBXFileReference; lastKnownFileType = folder.assetcatalog; path = Assets.xcassets; sourceTree = "<group>"; };
		AC37CC58288C464B00AE4A0D /* refo_watch WatchKit Extension.appex */ = {isa = PBXFileReference; explicitFileType = "wrapper.app-extension"; includeInIndex = 0; path = "refo_watch WatchKit Extension.appex"; sourceTree = BUILT_PRODUCTS_DIR; };
		AC37CC5D288C464B00AE4A0D /* refo_watchApp.swift */ = {isa = PBXFileReference; lastKnownFileType = sourcecode.swift; path = refo_watchApp.swift; sourceTree = "<group>"; };
		AC37CC5F288C464B00AE4A0D /* ContentView.swift */ = {isa = PBXFileReference; lastKnownFileType = sourcecode.swift; path = ContentView.swift; sourceTree = "<group>"; };
		AC37CC61288C464B00AE4A0D /* NotificationController.swift */ = {isa = PBXFileReference; lastKnownFileType = sourcecode.swift; path = NotificationController.swift; sourceTree = "<group>"; };
		AC37CC63288C464B00AE4A0D /* NotificationView.swift */ = {isa = PBXFileReference; lastKnownFileType = sourcecode.swift; path = NotificationView.swift; sourceTree = "<group>"; };
		AC37CC65288C464B00AE4A0D /* ComplicationController.swift */ = {isa = PBXFileReference; lastKnownFileType = sourcecode.swift; path = ComplicationController.swift; sourceTree = "<group>"; };
		AC37CC67288C464B00AE4A0D /* Assets.xcassets */ = {isa = PBXFileReference; lastKnownFileType = folder.assetcatalog; path = Assets.xcassets; sourceTree = "<group>"; };
		AC37CC6A288C464B00AE4A0D /* Preview Assets.xcassets */ = {isa = PBXFileReference; lastKnownFileType = folder.assetcatalog; path = "Preview Assets.xcassets"; sourceTree = "<group>"; };
		AC37CC6C288C464B00AE4A0D /* Info.plist */ = {isa = PBXFileReference; lastKnownFileType = text.plist.xml; path = Info.plist; sourceTree = "<group>"; };
		AC37CC6D288C464B00AE4A0D /* PushNotificationPayload.apns */ = {isa = PBXFileReference; lastKnownFileType = text; path = PushNotificationPayload.apns; sourceTree = "<group>"; };
/* End PBXFileReference section */

/* Begin PBXFrameworksBuildPhase section */
		AC37CC3C288C464900AE4A0D /* Frameworks */ = {
			isa = PBXFrameworksBuildPhase;
			buildActionMask = 2147483647;
			files = (
			);
			runOnlyForDeploymentPostprocessing = 0;
		};
		AC37CC55288C464B00AE4A0D /* Frameworks */ = {
			isa = PBXFrameworksBuildPhase;
			buildActionMask = 2147483647;
			files = (
			);
			runOnlyForDeploymentPostprocessing = 0;
		};
/* End PBXFrameworksBuildPhase section */

/* Begin PBXGroup section */
		AC37CC36288C464900AE4A0D = {
			isa = PBXGroup;
			children = (
				AC37CC41288C464900AE4A0D /* refo_watch */,
				AC37CC51288C464A00AE4A0D /* refo_watch WatchKit App */,
				AC37CC5C288C464B00AE4A0D /* refo_watch WatchKit Extension */,
				AC37CC40288C464900AE4A0D /* Products */,
			);
			sourceTree = "<group>";
		};
		AC37CC40288C464900AE4A0D /* Products */ = {
			isa = PBXGroup;
			children = (
				AC37CC3F288C464900AE4A0D /* refo_watch.app */,
				AC37CC4D288C464A00AE4A0D /* refo_watch WatchKit App.app */,
				AC37CC58288C464B00AE4A0D /* refo_watch WatchKit Extension.appex */,
			);
			name = Products;
			sourceTree = "<group>";
		};
		AC37CC41288C464900AE4A0D /* refo_watch */ = {
			isa = PBXGroup;
			children = (
				AC37CC42288C464900AE4A0D /* refo_watchApp.swift */,
				AC37CC44288C464900AE4A0D /* ContentView.swift */,
				AC37CC46288C464A00AE4A0D /* Assets.xcassets */,
				AC37CC48288C464A00AE4A0D /* Preview Content */,
			);
			path = refo_watch;
			sourceTree = "<group>";
		};
		AC37CC48288C464A00AE4A0D /* Preview Content */ = {
			isa = PBXGroup;
			children = (
				AC37CC49288C464A00AE4A0D /* Preview Assets.xcassets */,
			);
			path = "Preview Content";
			sourceTree = "<group>";
		};
		AC37CC51288C464A00AE4A0D /* refo_watch WatchKit App */ = {
			isa = PBXGroup;
			children = (
				AC37CC52288C464B00AE4A0D /* Assets.xcassets */,
			);
			path = "refo_watch WatchKit App";
			sourceTree = "<group>";
		};
		AC37CC5C288C464B00AE4A0D /* refo_watch WatchKit Extension */ = {
			isa = PBXGroup;
			children = (
				AC37CC5D288C464B00AE4A0D /* refo_watchApp.swift */,
				AC37CC5F288C464B00AE4A0D /* ContentView.swift */,
				AC37CC61288C464B00AE4A0D /* NotificationController.swift */,
				AC37CC63288C464B00AE4A0D /* NotificationView.swift */,
				AC37CC65288C464B00AE4A0D /* ComplicationController.swift */,
				AC37CC67288C464B00AE4A0D /* Assets.xcassets */,
				AC37CC6C288C464B00AE4A0D /* Info.plist */,
				AC37CC6D288C464B00AE4A0D /* PushNotificationPayload.apns */,
				AC37CC69288C464B00AE4A0D /* Preview Content */,
			);
			path = "refo_watch WatchKit Extension";
			sourceTree = "<group>";
		};
		AC37CC69288C464B00AE4A0D /* Preview Content */ = {
			isa = PBXGroup;
			children = (
				AC37CC6A288C464B00AE4A0D /* Preview Assets.xcassets */,
			);
			path = "Preview Content";
			sourceTree = "<group>";
		};
/* End PBXGroup section */

/* Begin PBXNativeTarget section */
		AC37CC3E288C464900AE4A0D /* refo_watch */ = {
			isa = PBXNativeTarget;
			buildConfigurationList = AC37CC78288C464B00AE4A0D /* Build configuration list for PBXNativeTarget "refo_watch" */;
			buildPhases = (
				AC37CC3B288C464900AE4A0D /* Sources */,
				AC37CC3C288C464900AE4A0D /* Frameworks */,
				AC37CC3D288C464900AE4A0D /* Resources */,
				AC37CC77288C464B00AE4A0D /* Embed Watch Content */,
			);
			buildRules = (
			);
			dependencies = (
				AC37CC50288C464A00AE4A0D /* PBXTargetDependency */,
			);
			name = refo_watch;
			productName = refo_watch;
			productReference = AC37CC3F288C464900AE4A0D /* refo_watch.app */;
			productType = "com.apple.product-type.application";
		};
		AC37CC4C288C464A00AE4A0D /* refo_watch WatchKit App */ = {
			isa = PBXNativeTarget;
			buildConfigurationList = AC37CC74288C464B00AE4A0D /* Build configuration list for PBXNativeTarget "refo_watch WatchKit App" */;
			buildPhases = (
				AC37CC4B288C464A00AE4A0D /* Resources */,
				AC37CC73288C464B00AE4A0D /* Embed App Extensions */,
			);
			buildRules = (
			);
			dependencies = (
				AC37CC5B288C464B00AE4A0D /* PBXTargetDependency */,
			);
			name = "refo_watch WatchKit App";
			productName = "refo_watch WatchKit App";
			productReference = AC37CC4D288C464A00AE4A0D /* refo_watch WatchKit App.app */;
			productType = "com.apple.product-type.application.watchapp2";
		};
		AC37CC57288C464B00AE4A0D /* refo_watch WatchKit Extension */ = {
			isa = PBXNativeTarget;
			buildConfigurationList = AC37CC70288C464B00AE4A0D /* Build configuration list for PBXNativeTarget "refo_watch WatchKit Extension" */;
			buildPhases = (
				AC37CC54288C464B00AE4A0D /* Sources */,
				AC37CC55288C464B00AE4A0D /* Frameworks */,
				AC37CC56288C464B00AE4A0D /* Resources */,
			);
			buildRules = (
			);
			dependencies = (
			);
			name = "refo_watch WatchKit Extension";
			productName = "refo_watch WatchKit Extension";
			productReference = AC37CC58288C464B00AE4A0D /* refo_watch WatchKit Extension.appex */;
			productType = "com.apple.product-type.watchkit2-extension";
		};
/* End PBXNativeTarget section */

/* Begin PBXProject section */
		AC37CC37288C464900AE4A0D /* Project object */ = {
			isa = PBXProject;
			attributes = {
				BuildIndependentTargetsInParallel = 1;
				LastSwiftUpdateCheck = 1330;
				LastUpgradeCheck = 1330;
				TargetAttributes = {
					AC37CC3E288C464900AE4A0D = {
						CreatedOnToolsVersion = 13.3.1;
					};
					AC37CC4C288C464A00AE4A0D = {
						CreatedOnToolsVersion = 13.3.1;
					};
					AC37CC57288C464B00AE4A0D = {
						CreatedOnToolsVersion = 13.3.1;
					};
				};
			};
			buildConfigurationList = AC37CC3A288C464900AE4A0D /* Build configuration list for PBXProject "refo_watch" */;
			compatibilityVersion = "Xcode 13.0";
			developmentRegion = en;
			hasScannedForEncodings = 0;
			knownRegions = (
				en,
				Base,
			);
			mainGroup = AC37CC36288C464900AE4A0D;
			productRefGroup = AC37CC40288C464900AE4A0D /* Products */;
			projectDirPath = "";
			projectRoot = "";
			targets = (
				AC37CC3E288C464900AE4A0D /* refo_watch */,
				AC37CC4C288C464A00AE4A0D /* refo_watch WatchKit App */,
				AC37CC57288C464B00AE4A0D /* refo_watch WatchKit Extension */,
			);
		};
/* End PBXProject section */

/* Begin PBXResourcesBuildPhase section */
		AC37CC3D288C464900AE4A0D /* Resources */ = {
			isa = PBXResourcesBuildPhase;
			buildActionMask = 2147483647;
			files = (
				AC37CC4A288C464A00AE4A0D /* Preview Assets.xcassets in Resources */,
				AC37CC47288C464A00AE4A0D /* Assets.xcassets in Resources */,
			);
			runOnlyForDeploymentPostprocessing = 0;
		};
		AC37CC4B288C464A00AE4A0D /* Resources */ = {
			isa = PBXResourcesBuildPhase;
			buildActionMask = 2147483647;
			files = (
				AC37CC53288C464B00AE4A0D /* Assets.xcassets in Resources */,
			);
			runOnlyForDeploymentPostprocessing = 0;
		};
		AC37CC56288C464B00AE4A0D /* Resources */ = {
			isa = PBXResourcesBuildPhase;
			buildActionMask = 2147483647;
			files = (
				AC37CC6B288C464B00AE4A0D /* Preview Assets.xcassets in Resources */,
				AC37CC68288C464B00AE4A0D /* Assets.xcassets in Resources */,
			);
			runOnlyForDeploymentPostprocessing = 0;
		};
/* End PBXResourcesBuildPhase section */

/* Begin PBXSourcesBuildPhase section */
		AC37CC3B288C464900AE4A0D /* Sources */ = {
			isa = PBXSourcesBuildPhase;
			buildActionMask = 2147483647;
			files = (
				AC37CC45288C464900AE4A0D /* ContentView.swift in Sources */,
				AC37CC43288C464900AE4A0D /* refo_watchApp.swift in Sources */,
			);
			runOnlyForDeploymentPostprocessing = 0;
		};
		AC37CC54288C464B00AE4A0D /* Sources */ = {
			isa = PBXSourcesBuildPhase;
			buildActionMask = 2147483647;
			files = (
				AC37CC62288C464B00AE4A0D /* NotificationController.swift in Sources */,
				AC37CC60288C464B00AE4A0D /* ContentView.swift in Sources */,
				AC37CC66288C464B00AE4A0D /* ComplicationController.swift in Sources */,
				AC37CC5E288C464B00AE4A0D /* refo_watchApp.swift in Sources */,
				AC37CC64288C464B00AE4A0D /* NotificationView.swift in Sources */,
			);
			runOnlyForDeploymentPostprocessing = 0;
		};
/* End PBXSourcesBuildPhase section */

/* Begin PBXTargetDependency section */
		AC37CC50288C464A00AE4A0D /* PBXTargetDependency */ = {
			isa = PBXTargetDependency;
			target = AC37CC4C288C464A00AE4A0D /* refo_watch WatchKit App */;
			targetProxy = AC37CC4F288C464A00AE4A0D /* PBXContainerItemProxy */;
		};
		AC37CC5B288C464B00AE4A0D /* PBXTargetDependency */ = {
			isa = PBXTargetDependency;
			target = AC37CC57288C464B00AE4A0D /* refo_watch WatchKit Extension */;
			targetProxy = AC37CC5A288C464B00AE4A0D /* PBXContainerItemProxy */;
		};
/* End PBXTargetDependency section */

/* Begin XCBuildConfiguration section */
		AC37CC6E288C464B00AE4A0D /* Debug */ = {
			isa = XCBuildConfiguration;
			buildSettings = {
				ALWAYS_SEARCH_USER_PATHS = NO;
				CLANG_ANALYZER_NONNULL = YES;
				CLANG_ANALYZER_NUMBER_OBJECT_CONVERSION = YES_AGGRESSIVE;
				CLANG_CXX_LANGUAGE_STANDARD = "gnu++17";
				CLANG_ENABLE_MODULES = YES;
				CLANG_ENABLE_OBJC_ARC = YES;
				CLANG_ENABLE_OBJC_WEAK = YES;
				CLANG_WARN_BLOCK_CAPTURE_AUTORELEASING = YES;
				CLANG_WARN_BOOL_CONVERSION = YES;
				CLANG_WARN_COMMA = YES;
				CLANG_WARN_CONSTANT_CONVERSION = YES;
				CLANG_WARN_DEPRECATED_OBJC_IMPLEMENTATIONS = YES;
				CLANG_WARN_DIRECT_OBJC_ISA_USAGE = YES_ERROR;
				CLANG_WARN_DOCUMENTATION_COMMENTS = YES;
				CLANG_WARN_EMPTY_BODY = YES;
				CLANG_WARN_ENUM_CONVERSION = YES;
				CLANG_WARN_INFINITE_RECURSION = YES;
				CLANG_WARN_INT_CONVERSION = YES;
				CLANG_WARN_NON_LITERAL_NULL_CONVERSION = YES;
				CLANG_WARN_OBJC_IMPLICIT_RETAIN_SELF = YES;
				CLANG_WARN_OBJC_LITERAL_CONVERSION = YES;
				CLANG_WARN_OBJC_ROOT_CLASS = YES_ERROR;
				CLANG_WARN_QUOTED_INCLUDE_IN_FRAMEWORK_HEADER = YES;
				CLANG_WARN_RANGE_LOOP_ANALYSIS = YES;
				CLANG_WARN_STRICT_PROTOTYPES = YES;
				CLANG_WARN_SUSPICIOUS_MOVE = YES;
				CLANG_WARN_UNGUARDED_AVAILABILITY = YES_AGGRESSIVE;
				CLANG_WARN_UNREACHABLE_CODE = YES;
				CLANG_WARN__DUPLICATE_METHOD_MATCH = YES;
				COPY_PHASE_STRIP = NO;
				DEBUG_INFORMATION_FORMAT = dwarf;
				ENABLE_STRICT_OBJC_MSGSEND = YES;
				ENABLE_TESTABILITY = YES;
				GCC_C_LANGUAGE_STANDARD = gnu11;
				GCC_DYNAMIC_NO_PIC = NO;
				GCC_NO_COMMON_BLOCKS = YES;
				GCC_OPTIMIZATION_LEVEL = 0;
				GCC_PREPROCESSOR_DEFINITIONS = (
					"DEBUG=1",
					"$(inherited)",
				);
				GCC_WARN_64_TO_32_BIT_CONVERSION = YES;
				GCC_WARN_ABOUT_RETURN_TYPE = YES_ERROR;
				GCC_WARN_UNDECLARED_SELECTOR = YES;
				GCC_WARN_UNINITIALIZED_AUTOS = YES_AGGRESSIVE;
				GCC_WARN_UNUSED_FUNCTION = YES;
				GCC_WARN_UNUSED_VARIABLE = YES;
				MTL_ENABLE_DEBUG_INFO = INCLUDE_SOURCE;
				MTL_FAST_MATH = YES;
				ONLY_ACTIVE_ARCH = YES;
				SWIFT_ACTIVE_COMPILATION_CONDITIONS = DEBUG;
				SWIFT_OPTIMIZATION_LEVEL = "-Onone";
			};
			name = Debug;
		};
		AC37CC6F288C464B00AE4A0D /* Release */ = {
			isa = XCBuildConfiguration;
			buildSettings = {
				ALWAYS_SEARCH_USER_PATHS = NO;
				CLANG_ANALYZER_NONNULL = YES;
				CLANG_ANALYZER_NUMBER_OBJECT_CONVERSION = YES_AGGRESSIVE;
				CLANG_CXX_LANGUAGE_STANDARD = "gnu++17";
				CLANG_ENABLE_MODULES = YES;
				CLANG_ENABLE_OBJC_ARC = YES;
				CLANG_ENABLE_OBJC_WEAK = YES;
				CLANG_WARN_BLOCK_CAPTURE_AUTORELEASING = YES;
				CLANG_WARN_BOOL_CONVERSION = YES;
				CLANG_WARN_COMMA = YES;
				CLANG_WARN_CONSTANT_CONVERSION = YES;
				CLANG_WARN_DEPRECATED_OBJC_IMPLEMENTATIONS = YES;
				CLANG_WARN_DIRECT_OBJC_ISA_USAGE = YES_ERROR;
				CLANG_WARN_DOCUMENTATION_COMMENTS = YES;
				CLANG_WARN_EMPTY_BODY = YES;
				CLANG_WARN_ENUM_CONVERSION = YES;
				CLANG_WARN_INFINITE_RECURSION = YES;
				CLANG_WARN_INT_CONVERSION = YES;
				CLANG_WARN_NON_LITERAL_NULL_CONVERSION = YES;
				CLANG_WARN_OBJC_IMPLICIT_RETAIN_SELF = YES;
				CLANG_WARN_OBJC_LITERAL_CONVERSION = YES;
				CLANG_WARN_OBJC_ROOT_CLASS = YES_ERROR;
				CLANG_WARN_QUOTED_INCLUDE_IN_FRAMEWORK_HEADER = YES;
				CLANG_WARN_RANGE_LOOP_ANALYSIS = YES;
				CLANG_WARN_STRICT_PROTOTYPES = YES;
				CLANG_WARN_SUSPICIOUS_MOVE = YES;
				CLANG_WARN_UNGUARDED_AVAILABILITY = YES_AGGRESSIVE;
				CLANG_WARN_UNREACHABLE_CODE = YES;
				CLANG_WARN__DUPLICATE_METHOD_MATCH = YES;
				COPY_PHASE_STRIP = NO;
				DEBUG_INFORMATION_FORMAT = "dwarf-with-dsym";
				ENABLE_NS_ASSERTIONS = NO;
				ENABLE_STRICT_OBJC_MSGSEND = YES;
				GCC_C_LANGUAGE_STANDARD = gnu11;
				GCC_NO_COMMON_BLOCKS = YES;
				GCC_WARN_64_TO_32_BIT_CONVERSION = YES;
				GCC_WARN_ABOUT_RETURN_TYPE = YES_ERROR;
				GCC_WARN_UNDECLARED_SELECTOR = YES;
				GCC_WARN_UNINITIALIZED_AUTOS = YES_AGGRESSIVE;
				GCC_WARN_UNUSED_FUNCTION = YES;
				GCC_WARN_UNUSED_VARIABLE = YES;
				MTL_ENABLE_DEBUG_INFO = NO;
				MTL_FAST_MATH = YES;
				SWIFT_COMPILATION_MODE = wholemodule;
				SWIFT_OPTIMIZATION_LEVEL = "-O";
			};
			name = Release;
		};
		AC37CC71288C464B00AE4A0D /* Debug */ = {
			isa = XCBuildConfiguration;
			buildSettings = {
				ASSETCATALOG_COMPILER_COMPLICATION_NAME = Complication;
				CODE_SIGN_STYLE = Automatic;
				CURRENT_PROJECT_VERSION = 1;
				DEVELOPMENT_ASSET_PATHS = "\"refo_watch WatchKit Extension/Preview Content\"";
				DEVELOPMENT_TEAM = 8XZM6ZXT9F;
				ENABLE_PREVIEWS = YES;
				GENERATE_INFOPLIST_FILE = YES;
				INFOPLIST_FILE = "refo_watch WatchKit Extension/Info.plist";
				INFOPLIST_KEY_CFBundleDisplayName = "refo_watch WatchKit Extension";
				INFOPLIST_KEY_CLKComplicationPrincipalClass = "$(PRODUCT_MODULE_NAME).ComplicationController";
				INFOPLIST_KEY_NSHumanReadableCopyright = "";
				INFOPLIST_KEY_WKRunsIndependentlyOfCompanionApp = YES;
				LD_RUNPATH_SEARCH_PATHS = (
					"$(inherited)",
					"@executable_path/Frameworks",
					"@executable_path/../../Frameworks",
				);
				MARKETING_VERSION = 1.0;
				PRODUCT_BUNDLE_IDENTIFIER = "com.bryankenneth.refo-watch.watchkitapp.watchkitextension";
				PRODUCT_NAME = "${TARGET_NAME}";
				SDKROOT = watchos;
				SKIP_INSTALL = YES;
				SWIFT_EMIT_LOC_STRINGS = YES;
				SWIFT_VERSION = 5.0;
				TARGETED_DEVICE_FAMILY = 4;
				WATCHOS_DEPLOYMENT_TARGET = 8.5;
			};
			name = Debug;
		};
		AC37CC72288C464B00AE4A0D /* Release */ = {
			isa = XCBuildConfiguration;
			buildSettings = {
				ASSETCATALOG_COMPILER_COMPLICATION_NAME = Complication;
				CODE_SIGN_STYLE = Automatic;
				CURRENT_PROJECT_VERSION = 1;
				DEVELOPMENT_ASSET_PATHS = "\"refo_watch WatchKit Extension/Preview Content\"";
				DEVELOPMENT_TEAM = 8XZM6ZXT9F;
				ENABLE_PREVIEWS = YES;
				GENERATE_INFOPLIST_FILE = YES;
				INFOPLIST_FILE = "refo_watch WatchKit Extension/Info.plist";
				INFOPLIST_KEY_CFBundleDisplayName = "refo_watch WatchKit Extension";
				INFOPLIST_KEY_CLKComplicationPrincipalClass = "$(PRODUCT_MODULE_NAME).ComplicationController";
				INFOPLIST_KEY_NSHumanReadableCopyright = "";
				INFOPLIST_KEY_WKRunsIndependentlyOfCompanionApp = YES;
				LD_RUNPATH_SEARCH_PATHS = (
					"$(inherited)",
					"@executable_path/Frameworks",
					"@executable_path/../../Frameworks",
				);
				MARKETING_VERSION = 1.0;
				PRODUCT_BUNDLE_IDENTIFIER = "com.bryankenneth.refo-watch.watchkitapp.watchkitextension";
				PRODUCT_NAME = "${TARGET_NAME}";
				SDKROOT = watchos;
				SKIP_INSTALL = YES;
				SWIFT_EMIT_LOC_STRINGS = YES;
				SWIFT_VERSION = 5.0;
				TARGETED_DEVICE_FAMILY = 4;
				VALIDATE_PRODUCT = YES;
				WATCHOS_DEPLOYMENT_TARGET = 8.5;
			};
			name = Release;
		};
		AC37CC75288C464B00AE4A0D /* Debug */ = {
			isa = XCBuildConfiguration;
			buildSettings = {
				ALWAYS_EMBED_SWIFT_STANDARD_LIBRARIES = YES;
				ASSETCATALOG_COMPILER_APPICON_NAME = AppIcon;
				ASSETCATALOG_COMPILER_GLOBAL_ACCENT_COLOR_NAME = AccentColor;
				CODE_SIGN_STYLE = Automatic;
				CURRENT_PROJECT_VERSION = 1;
				DEVELOPMENT_TEAM = 8XZM6ZXT9F;
				GENERATE_INFOPLIST_FILE = YES;
				IBSC_MODULE = refo_watch_WatchKit_Extension;
				INFOPLIST_KEY_CFBundleDisplayName = "refo_watch WatchKit App";
				INFOPLIST_KEY_UISupportedInterfaceOrientations = "UIInterfaceOrientationPortrait UIInterfaceOrientationPortraitUpsideDown";
				INFOPLIST_KEY_WKCompanionAppBundleIdentifier = "com.bryankenneth.refo-watch";
				MARKETING_VERSION = 1.0;
				PRODUCT_BUNDLE_IDENTIFIER = "com.bryankenneth.refo-watch.watchkitapp";
				PRODUCT_NAME = "$(TARGET_NAME)";
				SDKROOT = watchos;
				SKIP_INSTALL = YES;
				SWIFT_EMIT_LOC_STRINGS = YES;
				SWIFT_VERSION = 5.0;
				TARGETED_DEVICE_FAMILY = 4;
				WATCHOS_DEPLOYMENT_TARGET = 8.5;
			};
			name = Debug;
		};
		AC37CC76288C464B00AE4A0D /* Release */ = {
			isa = XCBuildConfiguration;
			buildSettings = {
				ALWAYS_EMBED_SWIFT_STANDARD_LIBRARIES = YES;
				ASSETCATALOG_COMPILER_APPICON_NAME = AppIcon;
				ASSETCATALOG_COMPILER_GLOBAL_ACCENT_COLOR_NAME = AccentColor;
				CODE_SIGN_STYLE = Automatic;
				CURRENT_PROJECT_VERSION = 1;
				DEVELOPMENT_TEAM = 8XZM6ZXT9F;
				GENERATE_INFOPLIST_FILE = YES;
				IBSC_MODULE = refo_watch_WatchKit_Extension;
				INFOPLIST_KEY_CFBundleDisplayName = "refo_watch WatchKit App";
				INFOPLIST_KEY_UISupportedInterfaceOrientations = "UIInterfaceOrientationPortrait UIInterfaceOrientationPortraitUpsideDown";
				INFOPLIST_KEY_WKCompanionAppBundleIdentifier = "com.bryankenneth.refo-watch";
				MARKETING_VERSION = 1.0;
				PRODUCT_BUNDLE_IDENTIFIER = "com.bryankenneth.refo-watch.watchkitapp";
				PRODUCT_NAME = "$(TARGET_NAME)";
				SDKROOT = watchos;
				SKIP_INSTALL = YES;
				SWIFT_EMIT_LOC_STRINGS = YES;
				SWIFT_VERSION = 5.0;
				TARGETED_DEVICE_FAMILY = 4;
				VALIDATE_PRODUCT = YES;
				WATCHOS_DEPLOYMENT_TARGET = 8.5;
			};
			name = Release;
		};
		AC37CC79288C464B00AE4A0D /* Debug */ = {
			isa = XCBuildConfiguration;
			buildSettings = {
				ASSETCATALOG_COMPILER_APPICON_NAME = AppIcon;
				ASSETCATALOG_COMPILER_GLOBAL_ACCENT_COLOR_NAME = AccentColor;
				CODE_SIGN_STYLE = Automatic;
				CURRENT_PROJECT_VERSION = 1;
				DEVELOPMENT_ASSET_PATHS = "\"refo_watch/Preview Content\"";
				DEVELOPMENT_TEAM = 8XZM6ZXT9F;
				ENABLE_PREVIEWS = YES;
				GENERATE_INFOPLIST_FILE = YES;
				INFOPLIST_KEY_UIApplicationSceneManifest_Generation = YES;
				INFOPLIST_KEY_UIApplicationSupportsIndirectInputEvents = YES;
				INFOPLIST_KEY_UILaunchScreen_Generation = YES;
				INFOPLIST_KEY_UISupportedInterfaceOrientations_iPad = "UIInterfaceOrientationPortrait UIInterfaceOrientationPortraitUpsideDown UIInterfaceOrientationLandscapeLeft UIInterfaceOrientationLandscapeRight";
				INFOPLIST_KEY_UISupportedInterfaceOrientations_iPhone = "UIInterfaceOrientationPortrait UIInterfaceOrientationLandscapeLeft UIInterfaceOrientationLandscapeRight";
				IPHONEOS_DEPLOYMENT_TARGET = 15.4;
				LD_RUNPATH_SEARCH_PATHS = (
					"$(inherited)",
					"@executable_path/Frameworks",
				);
				MARKETING_VERSION = 1.0;
				PRODUCT_BUNDLE_IDENTIFIER = "com.bryankenneth.refo-watch";
				PRODUCT_NAME = "$(TARGET_NAME)";
				SDKROOT = iphoneos;
				SWIFT_EMIT_LOC_STRINGS = YES;
				SWIFT_VERSION = 5.0;
				TARGETED_DEVICE_FAMILY = "1,2";
			};
			name = Debug;
		};
		AC37CC7A288C464B00AE4A0D /* Release */ = {
			isa = XCBuildConfiguration;
			buildSettings = {
				ASSETCATALOG_COMPILER_APPICON_NAME = AppIcon;
				ASSETCATALOG_COMPILER_GLOBAL_ACCENT_COLOR_NAME = AccentColor;
				CODE_SIGN_STYLE = Automatic;
				CURRENT_PROJECT_VERSION = 1;
				DEVELOPMENT_ASSET_PATHS = "\"refo_watch/Preview Content\"";
				DEVELOPMENT_TEAM = 8XZM6ZXT9F;
				ENABLE_PREVIEWS = YES;
				GENERATE_INFOPLIST_FILE = YES;
				INFOPLIST_KEY_UIApplicationSceneManifest_Generation = YES;
				INFOPLIST_KEY_UIApplicationSupportsIndirectInputEvents = YES;
				INFOPLIST_KEY_UILaunchScreen_Generation = YES;
				INFOPLIST_KEY_UISupportedInterfaceOrientations_iPad = "UIInterfaceOrientationPortrait UIInterfaceOrientationPortraitUpsideDown UIInterfaceOrientationLandscapeLeft UIInterfaceOrientationLandscapeRight";
				INFOPLIST_KEY_UISupportedInterfaceOrientations_iPhone = "UIInterfaceOrientationPortrait UIInterfaceOrientationLandscapeLeft UIInterfaceOrientationLandscapeRight";
				IPHONEOS_DEPLOYMENT_TARGET = 15.4;
				LD_RUNPATH_SEARCH_PATHS = (
					"$(inherited)",
					"@executable_path/Frameworks",
				);
				MARKETING_VERSION = 1.0;
				PRODUCT_BUNDLE_IDENTIFIER = "com.bryankenneth.refo-watch";
				PRODUCT_NAME = "$(TARGET_NAME)";
				SDKROOT = iphoneos;
				SWIFT_EMIT_LOC_STRINGS = YES;
				SWIFT_VERSION = 5.0;
				TARGETED_DEVICE_FAMILY = "1,2";
				VALIDATE_PRODUCT = YES;
			};
			name = Release;
		};
/* End XCBuildConfiguration section */

/* Begin XCConfigurationList section */
		AC37CC3A288C464900AE4A0D /* Build configuration list for PBXProject "refo_watch" */ = {
			isa = XCConfigurationList;
			buildConfigurations = (
				AC37CC6E288C464B00AE4A0D /* Debug */,
				AC37CC6F288C464B00AE4A0D /* Release */,
			);
			defaultConfigurationIsVisible = 0;
			defaultConfigurationName = Release;
		};
		AC37CC70288C464B00AE4A0D /* Build configuration list for PBXNativeTarget "refo_watch WatchKit Extension" */ = {
			isa = XCConfigurationList;
			buildConfigurations = (
				AC37CC71288C464B00AE4A0D /* Debug */,
				AC37CC72288C464B00AE4A0D /* Release */,
			);
			defaultConfigurationIsVisible = 0;
			defaultConfigurationName = Release;
		};
		AC37CC74288C464B00AE4A0D /* Build configuration list for PBXNativeTarget "refo_watch WatchKit App" */ = {
			isa = XCConfigurationList;
			buildConfigurations = (
				AC37CC75288C464B00AE4A0D /* Debug */,
				AC37CC76288C464B00AE4A0D /* Release */,
			);
			defaultConfigurationIsVisible = 0;
			defaultConfigurationName = Release;
		};
		AC37CC78288C464B00AE4A0D /* Build configuration list for PBXNativeTarget "refo_watch" */ = {
			isa = XCConfigurationList;
			buildConfigurations = (
				AC37CC79288C464B00AE4A0D /* Debug */,
				AC37CC7A288C464B00AE4A0D /* Release */,
			);
			defaultConfigurationIsVisible = 0;
			defaultConfigurationName = Release;
		};
/* End XCConfigurationList section */
	};
	rootObject = AC37CC37288C464900AE4A0D /* Project object */;
}
